
Microsoft Visual Studio Solution File, Format Version 12.00
# Visual Studio 14
VisualStudioVersion = 14.0.25420.1
MinimumVisualStudioVersion = 10.0.40219.1
Project("{FAE04EC0-301F-11D3-BF4B-00C04F79EFBC}") = "Methods", "Methods\Methods.csproj", "{C041AAA8-7BA0-4385-A678-1D9003C1952D}"
EndProject
Project("{FAE04EC0-301F-11D3-BF4B-00C04F79EFBC}") = "RefactorMessages", "RefactorCSharpAdvancedExamTasks\RefactorMessages.csproj", "{5D03EC36-B7FF-4437-9ABD-5F388D10D245}"
EndProject
Project("{FAE04EC0-301F-11D3-BF4B-00C04F79EFBC}") = "RefactorDancingMovesBatmanReturns", "RefactorDancingMovesBatmanReturns\RefactorDancingMovesBatmanReturns.csproj", "{D0D1F0A2-1B2E-4767-ADBC-0EDC5CE1D32D}"
EndProject
Global
	GlobalSection(SolutionConfigurationPlatforms) = preSolution
		Debug|Any CPU = Debug|Any CPU
		Release|Any CPU = Release|Any CPU
	EndGlobalSection
	GlobalSection(ProjectConfigurationPlatforms) = postSolution
		{C041AAA8-7BA0-4385-A678-1D9003C1952D}.Debug|Any CPU.ActiveCfg = Debug|Any CPU
		{C041AAA8-7BA0-4385-A678-1D9003C1952D}.Debug|Any CPU.Build.0 = Debug|Any CPU
		{C041AAA8-7BA0-4385-A678-1D9003C1952D}.Release|Any CPU.ActiveCfg = Release|Any CPU
		{C041AAA8-7BA0-4385-A678-1D9003C1952D}.Release|Any CPU.Build.0 = Release|Any CPU
		{5D03EC36-B7FF-4437-9ABD-5F388D10D245}.Debug|Any CPU.ActiveCfg = Debug|Any CPU
		{5D03EC36-B7FF-4437-9ABD-5F388D10D245}.Debug|Any CPU.Build.0 = Debug|Any CPU
		{5D03EC36-B7FF-4437-9ABD-5F388D10D245}.Release|Any CPU.ActiveCfg = Release|Any CPU
		{5D03EC36-B7FF-4437-9ABD-5F388D10D245}.Release|Any CPU.Build.0 = Release|Any CPU
		{D0D1F0A2-1B2E-4767-ADBC-0EDC5CE1D32D}.Debug|Any CPU.ActiveCfg = Debug|Any CPU
		{D0D1F0A2-1B2E-4767-ADBC-0EDC5CE1D32D}.Debug|Any CPU.Build.0 = Debug|Any CPU
		{D0D1F0A2-1B2E-4767-ADBC-0EDC5CE1D32D}.Release|Any CPU.ActiveCfg = Release|Any CPU
		{D0D1F0A2-1B2E-4767-ADBC-0EDC5CE1D32D}.Release|Any CPU.Build.0 = Release|Any CPU
	EndGlobalSection
	GlobalSection(SolutionProperties) = preSolution
		HideSolutionNode = FALSE
	EndGlobalSection
EndGlobal
