
Microsoft Visual Studio Solution File, Format Version 12.00
# Visual Studio 14
VisualStudioVersion = 14.0.25123.0
MinimumVisualStudioVersion = 10.0.40219.1
Project("{FAE04EC0-301F-11D3-BF4B-00C04F79EFBC}") = "01. Declare Variables", "01. Declare Variables\01. Declare Variables.csproj", "{F8C75B3D-3E52-428B-A1BC-B7E5177CD1B8}"
EndProject
Project("{FAE04EC0-301F-11D3-BF4B-00C04F79EFBC}") = "02. Float or Double", "02. Float or Double\02. Float or Double.csproj", "{50C360F1-8D44-4B11-971F-78540B68823A}"
EndProject
Project("{FAE04EC0-301F-11D3-BF4B-00C04F79EFBC}") = "03. Variable in Hexadecimal Format", "03. Variable in Hexadecimal Format\03. Variable in Hexadecimal Format.csproj", "{0FAE4CE4-264B-4947-B6B0-A4D5281D2F1C}"
EndProject
Project("{FAE04EC0-301F-11D3-BF4B-00C04F79EFBC}") = "04. Unicode Character", "04. Unicode Character\04. Unicode Character.csproj", "{E5533257-5E98-4ABB-B6B6-3FEAE45101A0}"
EndProject
Project("{FAE04EC0-301F-11D3-BF4B-00C04F79EFBC}") = "05. Boolean Variable", "05. Boolean Variable\05. Boolean Variable.csproj", "{E5A6FF6D-D288-4DCB-B386-1EF19769942F}"
EndProject
Project("{FAE04EC0-301F-11D3-BF4B-00C04F79EFBC}") = "06. Strings and Objects", "06. Strings and Objects\06. Strings and Objects.csproj", "{0542FA50-2B9B-48FD-ABD4-3B3767FF0F07}"
EndProject
Project("{FAE04EC0-301F-11D3-BF4B-00C04F79EFBC}") = "07. Quotes in Strings", "07. Quotes in Strings\07. Quotes in Strings.csproj", "{5DFE50CB-3D4E-4900-80B9-1C0C1679A42F}"
EndProject
Project("{FAE04EC0-301F-11D3-BF4B-00C04F79EFBC}") = "08. Isosceles Triangle", "08. Isosceles Triangle\08. Isosceles Triangle.csproj", "{3D8DC1DB-46FB-4878-9A9E-11A2E0C549EA}"
EndProject
Project("{FAE04EC0-301F-11D3-BF4B-00C04F79EFBC}") = "09. Exchange Variable Values", "09. Exchange Variable Values\09. Exchange Variable Values.csproj", "{F6AEDF9C-575C-4F1A-80F3-4BE68ECD1CA2}"
EndProject
Project("{FAE04EC0-301F-11D3-BF4B-00C04F79EFBC}") = "10. Employee Data", "10. Employee Data\10. Employee Data.csproj", "{0B70CD7C-0620-481E-9F85-9181433B75BB}"
EndProject
Project("{FAE04EC0-301F-11D3-BF4B-00C04F79EFBC}") = "11. Bank Account Data", "11. Bank Account Data\11. Bank Account Data.csproj", "{7089BFDB-F6BE-4A19-AE6C-7EBABFCDB4E3}"
EndProject
Project("{FAE04EC0-301F-11D3-BF4B-00C04F79EFBC}") = "12. Null Values Arithmetic", "12. Null Values Arithmetic\12. Null Values Arithmetic.csproj", "{2308938F-5013-4D9B-97F6-D14628058489}"
EndProject
Project("{FAE04EC0-301F-11D3-BF4B-00C04F79EFBC}") = "13. Comparing Floats", "13. Comparing Floats\13. Comparing Floats.csproj", "{59EC1F1F-C7AC-42F3-A2FF-8102D268BB0E}"
EndProject
Project("{FAE04EC0-301F-11D3-BF4B-00C04F79EFBC}") = "14. Print the ASCII Table", "14. Print the ASCII Table\14. Print the ASCII Table.csproj", "{B1FD6D39-78BD-4B26-9CCF-D9181A256F94}"
EndProject
Global
	GlobalSection(SolutionConfigurationPlatforms) = preSolution
		Debug|Any CPU = Debug|Any CPU
		Release|Any CPU = Release|Any CPU
	EndGlobalSection
	GlobalSection(ProjectConfigurationPlatforms) = postSolution
		{F8C75B3D-3E52-428B-A1BC-B7E5177CD1B8}.Debug|Any CPU.ActiveCfg = Debug|Any CPU
		{F8C75B3D-3E52-428B-A1BC-B7E5177CD1B8}.Debug|Any CPU.Build.0 = Debug|Any CPU
		{F8C75B3D-3E52-428B-A1BC-B7E5177CD1B8}.Release|Any CPU.ActiveCfg = Release|Any CPU
		{F8C75B3D-3E52-428B-A1BC-B7E5177CD1B8}.Release|Any CPU.Build.0 = Release|Any CPU
		{50C360F1-8D44-4B11-971F-78540B68823A}.Debug|Any CPU.ActiveCfg = Debug|Any CPU
		{50C360F1-8D44-4B11-971F-78540B68823A}.Debug|Any CPU.Build.0 = Debug|Any CPU
		{50C360F1-8D44-4B11-971F-78540B68823A}.Release|Any CPU.ActiveCfg = Release|Any CPU
		{50C360F1-8D44-4B11-971F-78540B68823A}.Release|Any CPU.Build.0 = Release|Any CPU
		{0FAE4CE4-264B-4947-B6B0-A4D5281D2F1C}.Debug|Any CPU.ActiveCfg = Debug|Any CPU
		{0FAE4CE4-264B-4947-B6B0-A4D5281D2F1C}.Debug|Any CPU.Build.0 = Debug|Any CPU
		{0FAE4CE4-264B-4947-B6B0-A4D5281D2F1C}.Release|Any CPU.ActiveCfg = Release|Any CPU
		{0FAE4CE4-264B-4947-B6B0-A4D5281D2F1C}.Release|Any CPU.Build.0 = Release|Any CPU
		{E5533257-5E98-4ABB-B6B6-3FEAE45101A0}.Debug|Any CPU.ActiveCfg = Debug|Any CPU
		{E5533257-5E98-4ABB-B6B6-3FEAE45101A0}.Debug|Any CPU.Build.0 = Debug|Any CPU
		{E5533257-5E98-4ABB-B6B6-3FEAE45101A0}.Release|Any CPU.ActiveCfg = Release|Any CPU
		{E5533257-5E98-4ABB-B6B6-3FEAE45101A0}.Release|Any CPU.Build.0 = Release|Any CPU
		{E5A6FF6D-D288-4DCB-B386-1EF19769942F}.Debug|Any CPU.ActiveCfg = Debug|Any CPU
		{E5A6FF6D-D288-4DCB-B386-1EF19769942F}.Debug|Any CPU.Build.0 = Debug|Any CPU
		{E5A6FF6D-D288-4DCB-B386-1EF19769942F}.Release|Any CPU.ActiveCfg = Release|Any CPU
		{E5A6FF6D-D288-4DCB-B386-1EF19769942F}.Release|Any CPU.Build.0 = Release|Any CPU
		{0542FA50-2B9B-48FD-ABD4-3B3767FF0F07}.Debug|Any CPU.ActiveCfg = Debug|Any CPU
		{0542FA50-2B9B-48FD-ABD4-3B3767FF0F07}.Debug|Any CPU.Build.0 = Debug|Any CPU
		{0542FA50-2B9B-48FD-ABD4-3B3767FF0F07}.Release|Any CPU.ActiveCfg = Release|Any CPU
		{0542FA50-2B9B-48FD-ABD4-3B3767FF0F07}.Release|Any CPU.Build.0 = Release|Any CPU
		{5DFE50CB-3D4E-4900-80B9-1C0C1679A42F}.Debug|Any CPU.ActiveCfg = Debug|Any CPU
		{5DFE50CB-3D4E-4900-80B9-1C0C1679A42F}.Debug|Any CPU.Build.0 = Debug|Any CPU
		{5DFE50CB-3D4E-4900-80B9-1C0C1679A42F}.Release|Any CPU.ActiveCfg = Release|Any CPU
		{5DFE50CB-3D4E-4900-80B9-1C0C1679A42F}.Release|Any CPU.Build.0 = Release|Any CPU
		{3D8DC1DB-46FB-4878-9A9E-11A2E0C549EA}.Debug|Any CPU.ActiveCfg = Debug|Any CPU
		{3D8DC1DB-46FB-4878-9A9E-11A2E0C549EA}.Debug|Any CPU.Build.0 = Debug|Any CPU
		{3D8DC1DB-46FB-4878-9A9E-11A2E0C549EA}.Release|Any CPU.ActiveCfg = Release|Any CPU
		{3D8DC1DB-46FB-4878-9A9E-11A2E0C549EA}.Release|Any CPU.Build.0 = Release|Any CPU
		{F6AEDF9C-575C-4F1A-80F3-4BE68ECD1CA2}.Debug|Any CPU.ActiveCfg = Debug|Any CPU
		{F6AEDF9C-575C-4F1A-80F3-4BE68ECD1CA2}.Debug|Any CPU.Build.0 = Debug|Any CPU
		{F6AEDF9C-575C-4F1A-80F3-4BE68ECD1CA2}.Release|Any CPU.ActiveCfg = Release|Any CPU
		{F6AEDF9C-575C-4F1A-80F3-4BE68ECD1CA2}.Release|Any CPU.Build.0 = Release|Any CPU
		{0B70CD7C-0620-481E-9F85-9181433B75BB}.Debug|Any CPU.ActiveCfg = Debug|Any CPU
		{0B70CD7C-0620-481E-9F85-9181433B75BB}.Debug|Any CPU.Build.0 = Debug|Any CPU
		{0B70CD7C-0620-481E-9F85-9181433B75BB}.Release|Any CPU.ActiveCfg = Release|Any CPU
		{0B70CD7C-0620-481E-9F85-9181433B75BB}.Release|Any CPU.Build.0 = Release|Any CPU
		{7089BFDB-F6BE-4A19-AE6C-7EBABFCDB4E3}.Debug|Any CPU.ActiveCfg = Debug|Any CPU
		{7089BFDB-F6BE-4A19-AE6C-7EBABFCDB4E3}.Debug|Any CPU.Build.0 = Debug|Any CPU
		{7089BFDB-F6BE-4A19-AE6C-7EBABFCDB4E3}.Release|Any CPU.ActiveCfg = Release|Any CPU
		{7089BFDB-F6BE-4A19-AE6C-7EBABFCDB4E3}.Release|Any CPU.Build.0 = Release|Any CPU
		{2308938F-5013-4D9B-97F6-D14628058489}.Debug|Any CPU.ActiveCfg = Debug|Any CPU
		{2308938F-5013-4D9B-97F6-D14628058489}.Debug|Any CPU.Build.0 = Debug|Any CPU
		{2308938F-5013-4D9B-97F6-D14628058489}.Release|Any CPU.ActiveCfg = Release|Any CPU
		{2308938F-5013-4D9B-97F6-D14628058489}.Release|Any CPU.Build.0 = Release|Any CPU
		{59EC1F1F-C7AC-42F3-A2FF-8102D268BB0E}.Debug|Any CPU.ActiveCfg = Debug|Any CPU
		{59EC1F1F-C7AC-42F3-A2FF-8102D268BB0E}.Debug|Any CPU.Build.0 = Debug|Any CPU
		{59EC1F1F-C7AC-42F3-A2FF-8102D268BB0E}.Release|Any CPU.ActiveCfg = Release|Any CPU
		{59EC1F1F-C7AC-42F3-A2FF-8102D268BB0E}.Release|Any CPU.Build.0 = Release|Any CPU
		{B1FD6D39-78BD-4B26-9CCF-D9181A256F94}.Debug|Any CPU.ActiveCfg = Debug|Any CPU
		{B1FD6D39-78BD-4B26-9CCF-D9181A256F94}.Debug|Any CPU.Build.0 = Debug|Any CPU
		{B1FD6D39-78BD-4B26-9CCF-D9181A256F94}.Release|Any CPU.ActiveCfg = Release|Any CPU
		{B1FD6D39-78BD-4B26-9CCF-D9181A256F94}.Release|Any CPU.Build.0 = Release|Any CPU
	EndGlobalSection
	GlobalSection(SolutionProperties) = preSolution
		HideSolutionNode = FALSE
	EndGlobalSection
EndGlobal
