
Microsoft Visual Studio Solution File, Format Version 12.00
# Visual Studio 14
VisualStudioVersion = 14.0.25123.0
MinimumVisualStudioVersion = 10.0.40219.1
Project("{FAE04EC0-301F-11D3-BF4B-00C04F79EFBC}") = "01.StudentClass", "01.StudentClass\01.StudentClass.csproj", "{411AEAA4-990A-4FDA-931C-3AAC7E2E7717}"
EndProject
Project("{FAE04EC0-301F-11D3-BF4B-00C04F79EFBC}") = "04.PersonClass", "04.PersonClass\04.PersonClass.csproj", "{AA369034-2FD2-4BD6-A13D-63BB51C2DA2D}"
EndProject
Global
	GlobalSection(SolutionConfigurationPlatforms) = preSolution
		Debug|Any CPU = Debug|Any CPU
		Release|Any CPU = Release|Any CPU
	EndGlobalSection
	GlobalSection(ProjectConfigurationPlatforms) = postSolution
		{411AEAA4-990A-4FDA-931C-3AAC7E2E7717}.Debug|Any CPU.ActiveCfg = Debug|Any CPU
		{411AEAA4-990A-4FDA-931C-3AAC7E2E7717}.Debug|Any CPU.Build.0 = Debug|Any CPU
		{411AEAA4-990A-4FDA-931C-3AAC7E2E7717}.Release|Any CPU.ActiveCfg = Release|Any CPU
		{411AEAA4-990A-4FDA-931C-3AAC7E2E7717}.Release|Any CPU.Build.0 = Release|Any CPU
		{AA369034-2FD2-4BD6-A13D-63BB51C2DA2D}.Debug|Any CPU.ActiveCfg = Debug|Any CPU
		{AA369034-2FD2-4BD6-A13D-63BB51C2DA2D}.Debug|Any CPU.Build.0 = Debug|Any CPU
		{AA369034-2FD2-4BD6-A13D-63BB51C2DA2D}.Release|Any CPU.ActiveCfg = Release|Any CPU
		{AA369034-2FD2-4BD6-A13D-63BB51C2DA2D}.Release|Any CPU.Build.0 = Release|Any CPU
	EndGlobalSection
	GlobalSection(SolutionProperties) = preSolution
		HideSolutionNode = FALSE
	EndGlobalSection
EndGlobal
