
Microsoft Visual Studio Solution File, Format Version 12.00
# Visual Studio 14
VisualStudioVersion = 14.0.25123.0
MinimumVisualStudioVersion = 10.0.40219.1
Project("{FAE04EC0-301F-11D3-BF4B-00C04F79EFBC}") = "EuclideanSpace", "StructureStartUp\EuclideanSpace.csproj", "{EF109AB2-90F3-4590-B0B5-CB6D12795F5A}"
EndProject
Project("{FAE04EC0-301F-11D3-BF4B-00C04F79EFBC}") = "GenericClass", "GenericClass\GenericClass.csproj", "{01BE647E-C6AF-4F06-BD4B-053904CF5951}"
EndProject
Project("{FAE04EC0-301F-11D3-BF4B-00C04F79EFBC}") = "Matrices", "Matrices\Matrices.csproj", "{7F72EB8F-929F-44FF-88F2-D241579298DB}"
EndProject
Global
	GlobalSection(SolutionConfigurationPlatforms) = preSolution
		Debug|Any CPU = Debug|Any CPU
		Release|Any CPU = Release|Any CPU
	EndGlobalSection
	GlobalSection(ProjectConfigurationPlatforms) = postSolution
		{EF109AB2-90F3-4590-B0B5-CB6D12795F5A}.Debug|Any CPU.ActiveCfg = Debug|Any CPU
		{EF109AB2-90F3-4590-B0B5-CB6D12795F5A}.Debug|Any CPU.Build.0 = Debug|Any CPU
		{EF109AB2-90F3-4590-B0B5-CB6D12795F5A}.Release|Any CPU.ActiveCfg = Release|Any CPU
		{EF109AB2-90F3-4590-B0B5-CB6D12795F5A}.Release|Any CPU.Build.0 = Release|Any CPU
		{01BE647E-C6AF-4F06-BD4B-053904CF5951}.Debug|Any CPU.ActiveCfg = Debug|Any CPU
		{01BE647E-C6AF-4F06-BD4B-053904CF5951}.Debug|Any CPU.Build.0 = Debug|Any CPU
		{01BE647E-C6AF-4F06-BD4B-053904CF5951}.Release|Any CPU.ActiveCfg = Release|Any CPU
		{01BE647E-C6AF-4F06-BD4B-053904CF5951}.Release|Any CPU.Build.0 = Release|Any CPU
		{7F72EB8F-929F-44FF-88F2-D241579298DB}.Debug|Any CPU.ActiveCfg = Debug|Any CPU
		{7F72EB8F-929F-44FF-88F2-D241579298DB}.Debug|Any CPU.Build.0 = Debug|Any CPU
		{7F72EB8F-929F-44FF-88F2-D241579298DB}.Release|Any CPU.ActiveCfg = Release|Any CPU
		{7F72EB8F-929F-44FF-88F2-D241579298DB}.Release|Any CPU.Build.0 = Release|Any CPU
	EndGlobalSection
	GlobalSection(SolutionProperties) = preSolution
		HideSolutionNode = FALSE
	EndGlobalSection
EndGlobal
