
Microsoft Visual Studio Solution File, Format Version 12.00
# Visual Studio 14
VisualStudioVersion = 14.0.25420.1
MinimumVisualStudioVersion = 10.0.40219.1
Project("{FAE04EC0-301F-11D3-BF4B-00C04F79EFBC}") = "Problem 1 -PriorityQueueImplementation", "Problem 1 -PriorityQueueImplementation\Problem 1 -PriorityQueueImplementation.csproj", "{C344121A-97ED-49B4-AA7D-70F3C4C7F6D4}"
EndProject
Project("{FAE04EC0-301F-11D3-BF4B-00C04F79EFBC}") = "Problem 2 - SearchInRange", "Problem 2 - SearchInRange\Problem 2 - SearchInRange.csproj", "{845E7C7E-8702-46C3-AAEE-7E9EE8CCEEA4}"
EndProject
Global
	GlobalSection(SolutionConfigurationPlatforms) = preSolution
		Debug|Any CPU = Debug|Any CPU
		Release|Any CPU = Release|Any CPU
	EndGlobalSection
	GlobalSection(ProjectConfigurationPlatforms) = postSolution
		{C344121A-97ED-49B4-AA7D-70F3C4C7F6D4}.Debug|Any CPU.ActiveCfg = Debug|Any CPU
		{C344121A-97ED-49B4-AA7D-70F3C4C7F6D4}.Debug|Any CPU.Build.0 = Debug|Any CPU
		{C344121A-97ED-49B4-AA7D-70F3C4C7F6D4}.Release|Any CPU.ActiveCfg = Release|Any CPU
		{C344121A-97ED-49B4-AA7D-70F3C4C7F6D4}.Release|Any CPU.Build.0 = Release|Any CPU
		{845E7C7E-8702-46C3-AAEE-7E9EE8CCEEA4}.Debug|Any CPU.ActiveCfg = Debug|Any CPU
		{845E7C7E-8702-46C3-AAEE-7E9EE8CCEEA4}.Debug|Any CPU.Build.0 = Debug|Any CPU
		{845E7C7E-8702-46C3-AAEE-7E9EE8CCEEA4}.Release|Any CPU.ActiveCfg = Release|Any CPU
		{845E7C7E-8702-46C3-AAEE-7E9EE8CCEEA4}.Release|Any CPU.Build.0 = Release|Any CPU
	EndGlobalSection
	GlobalSection(SolutionProperties) = preSolution
		HideSolutionNode = FALSE
	EndGlobalSection
EndGlobal
