
Microsoft Visual Studio Solution File, Format Version 12.00
# Visual Studio 14
VisualStudioVersion = 14.0.25420.1
MinimumVisualStudioVersion = 10.0.40219.1
Project("{FAE04EC0-301F-11D3-BF4B-00C04F79EFBC}") = "SingletonExampleLogger", "SingletonExample - Logger\SingletonExampleLogger.csproj", "{21C8C2CF-F6E0-4653-8077-8AC905D4D41C}"
EndProject
Project("{FAE04EC0-301F-11D3-BF4B-00C04F79EFBC}") = "SimpleFactoryExampleComputerFactory", "SimpleFactoryExampleComputerFactory\SimpleFactoryExampleComputerFactory.csproj", "{C02516B6-15A4-4FC8-BA24-65D4B5FF445F}"
EndProject
Project("{FAE04EC0-301F-11D3-BF4B-00C04F79EFBC}") = "FactoryWithReflectionExampleComputers", "FactoryWithReflectionExampleComputers\FactoryWithReflectionExampleComputers.csproj", "{9004DB98-3476-40AD-B2C7-31BF9CA507E9}"
EndProject
Project("{FAE04EC0-301F-11D3-BF4B-00C04F79EFBC}") = "FactoryMethodExampleTomatoes", "FactoryMethodExampleTomatoes\FactoryMethodExampleTomatoes.csproj", "{F4903EE2-4EDB-4E40-A83E-BF56582142C6}"
EndProject
Global
	GlobalSection(SolutionConfigurationPlatforms) = preSolution
		Debug|Any CPU = Debug|Any CPU
		Release|Any CPU = Release|Any CPU
	EndGlobalSection
	GlobalSection(ProjectConfigurationPlatforms) = postSolution
		{21C8C2CF-F6E0-4653-8077-8AC905D4D41C}.Debug|Any CPU.ActiveCfg = Debug|Any CPU
		{21C8C2CF-F6E0-4653-8077-8AC905D4D41C}.Debug|Any CPU.Build.0 = Debug|Any CPU
		{21C8C2CF-F6E0-4653-8077-8AC905D4D41C}.Release|Any CPU.ActiveCfg = Release|Any CPU
		{21C8C2CF-F6E0-4653-8077-8AC905D4D41C}.Release|Any CPU.Build.0 = Release|Any CPU
		{C02516B6-15A4-4FC8-BA24-65D4B5FF445F}.Debug|Any CPU.ActiveCfg = Debug|Any CPU
		{C02516B6-15A4-4FC8-BA24-65D4B5FF445F}.Debug|Any CPU.Build.0 = Debug|Any CPU
		{C02516B6-15A4-4FC8-BA24-65D4B5FF445F}.Release|Any CPU.ActiveCfg = Release|Any CPU
		{C02516B6-15A4-4FC8-BA24-65D4B5FF445F}.Release|Any CPU.Build.0 = Release|Any CPU
		{9004DB98-3476-40AD-B2C7-31BF9CA507E9}.Debug|Any CPU.ActiveCfg = Debug|Any CPU
		{9004DB98-3476-40AD-B2C7-31BF9CA507E9}.Debug|Any CPU.Build.0 = Debug|Any CPU
		{9004DB98-3476-40AD-B2C7-31BF9CA507E9}.Release|Any CPU.ActiveCfg = Release|Any CPU
		{9004DB98-3476-40AD-B2C7-31BF9CA507E9}.Release|Any CPU.Build.0 = Release|Any CPU
		{F4903EE2-4EDB-4E40-A83E-BF56582142C6}.Debug|Any CPU.ActiveCfg = Debug|Any CPU
		{F4903EE2-4EDB-4E40-A83E-BF56582142C6}.Debug|Any CPU.Build.0 = Debug|Any CPU
		{F4903EE2-4EDB-4E40-A83E-BF56582142C6}.Release|Any CPU.ActiveCfg = Release|Any CPU
		{F4903EE2-4EDB-4E40-A83E-BF56582142C6}.Release|Any CPU.Build.0 = Release|Any CPU
	EndGlobalSection
	GlobalSection(SolutionProperties) = preSolution
		HideSolutionNode = FALSE
	EndGlobalSection
EndGlobal
