
Microsoft Visual Studio Solution File, Format Version 12.00
# Visual Studio 14
VisualStudioVersion = 14.0.25123.0
MinimumVisualStudioVersion = 10.0.40219.1
Project("{FAE04EC0-301F-11D3-BF4B-00C04F79EFBC}") = "01. Odd or Even", "01. Odd or Even\01. Odd or Even.csproj", "{00D68D2C-3841-4A95-8064-1A458C32D2BD}"
EndProject
Project("{FAE04EC0-301F-11D3-BF4B-00C04F79EFBC}") = "02. Moon Gravity", "02. Moon Gravity\02. Moon Gravity.csproj", "{8B277EFA-5CEB-45F0-9B4F-23A634EC4686}"
EndProject
Project("{FAE04EC0-301F-11D3-BF4B-00C04F79EFBC}") = "03. Divide by 7 and 5", "03. Divide by 7 and 5\03. Divide by 7 and 5.csproj", "{7489B550-45FE-4C4B-BA51-F69C2C200FC7}"
EndProject
Project("{FAE04EC0-301F-11D3-BF4B-00C04F79EFBC}") = "04. Rectangles", "04. Rectangles\04. Rectangles.csproj", "{D1425F9E-A018-4A40-AE75-A6419FFEDBB7}"
EndProject
Project("{FAE04EC0-301F-11D3-BF4B-00C04F79EFBC}") = "05. Third digit", "05. Third digit\05. Third digit.csproj", "{0EF458AE-30A2-4DAF-98A9-FD38807E75AB}"
EndProject
Project("{FAE04EC0-301F-11D3-BF4B-00C04F79EFBC}") = "06. Four digits", "06. Four digits\06. Four digits.csproj", "{ECCD473F-22C1-44CA-8551-FDE606A49CDE}"
EndProject
Project("{FAE04EC0-301F-11D3-BF4B-00C04F79EFBC}") = "07. Point in a circle", "07. Point in a circle\07. Point in a circle.csproj", "{D43BF354-A726-4F6D-A5DA-83F696A5241E}"
EndProject
Project("{FAE04EC0-301F-11D3-BF4B-00C04F79EFBC}") = "08. Prime Check", "08. Prime Check\08. Prime Check.csproj", "{E5352B19-BA12-4CC0-8D64-7918F6F7D52C}"
EndProject
Project("{FAE04EC0-301F-11D3-BF4B-00C04F79EFBC}") = "09. Trapezoids", "09. Trapezoids\09. Trapezoids.csproj", "{D2A64E83-907F-4C44-8AAC-6862765B81BF}"
EndProject
Project("{FAE04EC0-301F-11D3-BF4B-00C04F79EFBC}") = "10. Point, Circle, Rectangle", "10. Point, Circle, Rectangle\10. Point, Circle, Rectangle.csproj", "{AAFB9B08-D8E9-4027-9C65-2F863D09C33B}"
EndProject
Project("{FAE04EC0-301F-11D3-BF4B-00C04F79EFBC}") = "11. 3rd Bit", "ConsoleApplication1\11. 3rd Bit.csproj", "{1BE8ECDC-8F75-490D-BA5B-1DC456C19A6C}"
EndProject
Project("{FAE04EC0-301F-11D3-BF4B-00C04F79EFBC}") = "12. N-th bit", "12. N-th bit\12. N-th bit.csproj", "{8F0D0C6D-0655-4035-BC6E-399576994C5B}"
EndProject
Project("{FAE04EC0-301F-11D3-BF4B-00C04F79EFBC}") = "13. Modify Bit", "13. Modify Bit\13. Modify Bit.csproj", "{33BE5CDB-BB72-442C-8212-32321071C9D5}"
EndProject
Project("{FAE04EC0-301F-11D3-BF4B-00C04F79EFBC}") = "14. BitExchange", "14. BitExchange\14. BitExchange.csproj", "{00ED0BCD-1F5C-4B5F-9741-787F38CC8E80}"
EndProject
Project("{FAE04EC0-301F-11D3-BF4B-00C04F79EFBC}") = "15. BitSwap", "15. BitSwap\15. BitSwap.csproj", "{4C8D2CC2-B241-4B4D-958D-953D766D5327}"
EndProject
Global
	GlobalSection(SolutionConfigurationPlatforms) = preSolution
		Debug|Any CPU = Debug|Any CPU
		Release|Any CPU = Release|Any CPU
	EndGlobalSection
	GlobalSection(ProjectConfigurationPlatforms) = postSolution
		{00D68D2C-3841-4A95-8064-1A458C32D2BD}.Debug|Any CPU.ActiveCfg = Debug|Any CPU
		{00D68D2C-3841-4A95-8064-1A458C32D2BD}.Debug|Any CPU.Build.0 = Debug|Any CPU
		{00D68D2C-3841-4A95-8064-1A458C32D2BD}.Release|Any CPU.ActiveCfg = Release|Any CPU
		{00D68D2C-3841-4A95-8064-1A458C32D2BD}.Release|Any CPU.Build.0 = Release|Any CPU
		{8B277EFA-5CEB-45F0-9B4F-23A634EC4686}.Debug|Any CPU.ActiveCfg = Debug|Any CPU
		{8B277EFA-5CEB-45F0-9B4F-23A634EC4686}.Debug|Any CPU.Build.0 = Debug|Any CPU
		{8B277EFA-5CEB-45F0-9B4F-23A634EC4686}.Release|Any CPU.ActiveCfg = Release|Any CPU
		{8B277EFA-5CEB-45F0-9B4F-23A634EC4686}.Release|Any CPU.Build.0 = Release|Any CPU
		{7489B550-45FE-4C4B-BA51-F69C2C200FC7}.Debug|Any CPU.ActiveCfg = Debug|Any CPU
		{7489B550-45FE-4C4B-BA51-F69C2C200FC7}.Debug|Any CPU.Build.0 = Debug|Any CPU
		{7489B550-45FE-4C4B-BA51-F69C2C200FC7}.Release|Any CPU.ActiveCfg = Release|Any CPU
		{7489B550-45FE-4C4B-BA51-F69C2C200FC7}.Release|Any CPU.Build.0 = Release|Any CPU
		{D1425F9E-A018-4A40-AE75-A6419FFEDBB7}.Debug|Any CPU.ActiveCfg = Debug|Any CPU
		{D1425F9E-A018-4A40-AE75-A6419FFEDBB7}.Debug|Any CPU.Build.0 = Debug|Any CPU
		{D1425F9E-A018-4A40-AE75-A6419FFEDBB7}.Release|Any CPU.ActiveCfg = Release|Any CPU
		{D1425F9E-A018-4A40-AE75-A6419FFEDBB7}.Release|Any CPU.Build.0 = Release|Any CPU
		{0EF458AE-30A2-4DAF-98A9-FD38807E75AB}.Debug|Any CPU.ActiveCfg = Debug|Any CPU
		{0EF458AE-30A2-4DAF-98A9-FD38807E75AB}.Debug|Any CPU.Build.0 = Debug|Any CPU
		{0EF458AE-30A2-4DAF-98A9-FD38807E75AB}.Release|Any CPU.ActiveCfg = Release|Any CPU
		{0EF458AE-30A2-4DAF-98A9-FD38807E75AB}.Release|Any CPU.Build.0 = Release|Any CPU
		{ECCD473F-22C1-44CA-8551-FDE606A49CDE}.Debug|Any CPU.ActiveCfg = Debug|Any CPU
		{ECCD473F-22C1-44CA-8551-FDE606A49CDE}.Debug|Any CPU.Build.0 = Debug|Any CPU
		{ECCD473F-22C1-44CA-8551-FDE606A49CDE}.Release|Any CPU.ActiveCfg = Release|Any CPU
		{ECCD473F-22C1-44CA-8551-FDE606A49CDE}.Release|Any CPU.Build.0 = Release|Any CPU
		{D43BF354-A726-4F6D-A5DA-83F696A5241E}.Debug|Any CPU.ActiveCfg = Debug|Any CPU
		{D43BF354-A726-4F6D-A5DA-83F696A5241E}.Debug|Any CPU.Build.0 = Debug|Any CPU
		{D43BF354-A726-4F6D-A5DA-83F696A5241E}.Release|Any CPU.ActiveCfg = Release|Any CPU
		{D43BF354-A726-4F6D-A5DA-83F696A5241E}.Release|Any CPU.Build.0 = Release|Any CPU
		{E5352B19-BA12-4CC0-8D64-7918F6F7D52C}.Debug|Any CPU.ActiveCfg = Debug|Any CPU
		{E5352B19-BA12-4CC0-8D64-7918F6F7D52C}.Debug|Any CPU.Build.0 = Debug|Any CPU
		{E5352B19-BA12-4CC0-8D64-7918F6F7D52C}.Release|Any CPU.ActiveCfg = Release|Any CPU
		{E5352B19-BA12-4CC0-8D64-7918F6F7D52C}.Release|Any CPU.Build.0 = Release|Any CPU
		{D2A64E83-907F-4C44-8AAC-6862765B81BF}.Debug|Any CPU.ActiveCfg = Debug|Any CPU
		{D2A64E83-907F-4C44-8AAC-6862765B81BF}.Debug|Any CPU.Build.0 = Debug|Any CPU
		{D2A64E83-907F-4C44-8AAC-6862765B81BF}.Release|Any CPU.ActiveCfg = Release|Any CPU
		{D2A64E83-907F-4C44-8AAC-6862765B81BF}.Release|Any CPU.Build.0 = Release|Any CPU
		{AAFB9B08-D8E9-4027-9C65-2F863D09C33B}.Debug|Any CPU.ActiveCfg = Debug|Any CPU
		{AAFB9B08-D8E9-4027-9C65-2F863D09C33B}.Debug|Any CPU.Build.0 = Debug|Any CPU
		{AAFB9B08-D8E9-4027-9C65-2F863D09C33B}.Release|Any CPU.ActiveCfg = Release|Any CPU
		{AAFB9B08-D8E9-4027-9C65-2F863D09C33B}.Release|Any CPU.Build.0 = Release|Any CPU
		{1BE8ECDC-8F75-490D-BA5B-1DC456C19A6C}.Debug|Any CPU.ActiveCfg = Debug|Any CPU
		{1BE8ECDC-8F75-490D-BA5B-1DC456C19A6C}.Debug|Any CPU.Build.0 = Debug|Any CPU
		{1BE8ECDC-8F75-490D-BA5B-1DC456C19A6C}.Release|Any CPU.ActiveCfg = Release|Any CPU
		{1BE8ECDC-8F75-490D-BA5B-1DC456C19A6C}.Release|Any CPU.Build.0 = Release|Any CPU
		{8F0D0C6D-0655-4035-BC6E-399576994C5B}.Debug|Any CPU.ActiveCfg = Debug|Any CPU
		{8F0D0C6D-0655-4035-BC6E-399576994C5B}.Debug|Any CPU.Build.0 = Debug|Any CPU
		{8F0D0C6D-0655-4035-BC6E-399576994C5B}.Release|Any CPU.ActiveCfg = Release|Any CPU
		{8F0D0C6D-0655-4035-BC6E-399576994C5B}.Release|Any CPU.Build.0 = Release|Any CPU
		{33BE5CDB-BB72-442C-8212-32321071C9D5}.Debug|Any CPU.ActiveCfg = Debug|Any CPU
		{33BE5CDB-BB72-442C-8212-32321071C9D5}.Debug|Any CPU.Build.0 = Debug|Any CPU
		{33BE5CDB-BB72-442C-8212-32321071C9D5}.Release|Any CPU.ActiveCfg = Release|Any CPU
		{33BE5CDB-BB72-442C-8212-32321071C9D5}.Release|Any CPU.Build.0 = Release|Any CPU
		{00ED0BCD-1F5C-4B5F-9741-787F38CC8E80}.Debug|Any CPU.ActiveCfg = Debug|Any CPU
		{00ED0BCD-1F5C-4B5F-9741-787F38CC8E80}.Debug|Any CPU.Build.0 = Debug|Any CPU
		{00ED0BCD-1F5C-4B5F-9741-787F38CC8E80}.Release|Any CPU.ActiveCfg = Release|Any CPU
		{00ED0BCD-1F5C-4B5F-9741-787F38CC8E80}.Release|Any CPU.Build.0 = Release|Any CPU
		{4C8D2CC2-B241-4B4D-958D-953D766D5327}.Debug|Any CPU.ActiveCfg = Debug|Any CPU
		{4C8D2CC2-B241-4B4D-958D-953D766D5327}.Debug|Any CPU.Build.0 = Debug|Any CPU
		{4C8D2CC2-B241-4B4D-958D-953D766D5327}.Release|Any CPU.ActiveCfg = Release|Any CPU
		{4C8D2CC2-B241-4B4D-958D-953D766D5327}.Release|Any CPU.Build.0 = Release|Any CPU
	EndGlobalSection
	GlobalSection(SolutionProperties) = preSolution
		HideSolutionNode = FALSE
	EndGlobalSection
EndGlobal
