
Microsoft Visual Studio Solution File, Format Version 12.00
# Visual Studio 14
VisualStudioVersion = 14.0.25420.1
MinimumVisualStudioVersion = 10.0.40219.1
Project("{FAE04EC0-301F-11D3-BF4B-00C04F79EFBC}") = "BinaryPasswords", "BinaryPasswords\BinaryPasswords.csproj", "{73BAECAB-C956-4CA4-9F25-1CB6AE70FA47}"
EndProject
Project("{FAE04EC0-301F-11D3-BF4B-00C04F79EFBC}") = "ColorfulBunnies", "ColorfulBunnies\ColorfulBunnies.csproj", "{5CE1AAE3-039D-4CA2-B04D-DA991C0442CB}"
EndProject
Project("{FAE04EC0-301F-11D3-BF4B-00C04F79EFBC}") = "Divisors", "Divisors\Divisors.csproj", "{DAD295CF-2A48-4F47-941C-72FF69F8FA97}"
EndProject
Project("{FAE04EC0-301F-11D3-BF4B-00C04F79EFBC}") = "SequenceOfColorfulBalls", "SequenceOfColorfulBalls\SequenceOfColorfulBalls.csproj", "{633F140C-43FE-4BFD-A4E1-AA703E0EA34D}"
EndProject
Global
	GlobalSection(SolutionConfigurationPlatforms) = preSolution
		Debug|Any CPU = Debug|Any CPU
		Release|Any CPU = Release|Any CPU
	EndGlobalSection
	GlobalSection(ProjectConfigurationPlatforms) = postSolution
		{73BAECAB-C956-4CA4-9F25-1CB6AE70FA47}.Debug|Any CPU.ActiveCfg = Debug|Any CPU
		{73BAECAB-C956-4CA4-9F25-1CB6AE70FA47}.Debug|Any CPU.Build.0 = Debug|Any CPU
		{73BAECAB-C956-4CA4-9F25-1CB6AE70FA47}.Release|Any CPU.ActiveCfg = Release|Any CPU
		{73BAECAB-C956-4CA4-9F25-1CB6AE70FA47}.Release|Any CPU.Build.0 = Release|Any CPU
		{5CE1AAE3-039D-4CA2-B04D-DA991C0442CB}.Debug|Any CPU.ActiveCfg = Debug|Any CPU
		{5CE1AAE3-039D-4CA2-B04D-DA991C0442CB}.Debug|Any CPU.Build.0 = Debug|Any CPU
		{5CE1AAE3-039D-4CA2-B04D-DA991C0442CB}.Release|Any CPU.ActiveCfg = Release|Any CPU
		{5CE1AAE3-039D-4CA2-B04D-DA991C0442CB}.Release|Any CPU.Build.0 = Release|Any CPU
		{DAD295CF-2A48-4F47-941C-72FF69F8FA97}.Debug|Any CPU.ActiveCfg = Debug|Any CPU
		{DAD295CF-2A48-4F47-941C-72FF69F8FA97}.Debug|Any CPU.Build.0 = Debug|Any CPU
		{DAD295CF-2A48-4F47-941C-72FF69F8FA97}.Release|Any CPU.ActiveCfg = Release|Any CPU
		{DAD295CF-2A48-4F47-941C-72FF69F8FA97}.Release|Any CPU.Build.0 = Release|Any CPU
		{633F140C-43FE-4BFD-A4E1-AA703E0EA34D}.Debug|Any CPU.ActiveCfg = Debug|Any CPU
		{633F140C-43FE-4BFD-A4E1-AA703E0EA34D}.Debug|Any CPU.Build.0 = Debug|Any CPU
		{633F140C-43FE-4BFD-A4E1-AA703E0EA34D}.Release|Any CPU.ActiveCfg = Release|Any CPU
		{633F140C-43FE-4BFD-A4E1-AA703E0EA34D}.Release|Any CPU.Build.0 = Release|Any CPU
	EndGlobalSection
	GlobalSection(SolutionProperties) = preSolution
		HideSolutionNode = FALSE
	EndGlobalSection
EndGlobal
