
Microsoft Visual Studio Solution File, Format Version 12.00
# Visual Studio 14
VisualStudioVersion = 14.0.25420.1
MinimumVisualStudioVersion = 10.0.40219.1
Project("{FAE04EC0-301F-11D3-BF4B-00C04F79EFBC}") = "NorthwindDb", "NorthwindDb\NorthwindDb.csproj", "{BB58D60B-D592-4483-8F10-70AB2FE77498}"
EndProject
Project("{FAE04EC0-301F-11D3-BF4B-00C04F79EFBC}") = "NorthwindTwin", "NorthwindTwin\NorthwindTwin.csproj", "{C0FE2695-DB08-4FF8-9C06-D0E46850799B}"
EndProject
Global
	GlobalSection(SolutionConfigurationPlatforms) = preSolution
		Debug|Any CPU = Debug|Any CPU
		Release|Any CPU = Release|Any CPU
	EndGlobalSection
	GlobalSection(ProjectConfigurationPlatforms) = postSolution
		{BB58D60B-D592-4483-8F10-70AB2FE77498}.Debug|Any CPU.ActiveCfg = Debug|Any CPU
		{BB58D60B-D592-4483-8F10-70AB2FE77498}.Debug|Any CPU.Build.0 = Debug|Any CPU
		{BB58D60B-D592-4483-8F10-70AB2FE77498}.Release|Any CPU.ActiveCfg = Release|Any CPU
		{BB58D60B-D592-4483-8F10-70AB2FE77498}.Release|Any CPU.Build.0 = Release|Any CPU
		{C0FE2695-DB08-4FF8-9C06-D0E46850799B}.Debug|Any CPU.ActiveCfg = Debug|Any CPU
		{C0FE2695-DB08-4FF8-9C06-D0E46850799B}.Debug|Any CPU.Build.0 = Debug|Any CPU
		{C0FE2695-DB08-4FF8-9C06-D0E46850799B}.Release|Any CPU.ActiveCfg = Release|Any CPU
		{C0FE2695-DB08-4FF8-9C06-D0E46850799B}.Release|Any CPU.Build.0 = Release|Any CPU
	EndGlobalSection
	GlobalSection(SolutionProperties) = preSolution
		HideSolutionNode = FALSE
	EndGlobalSection
EndGlobal
