
Microsoft Visual Studio Solution File, Format Version 12.00
# Visual Studio 14
VisualStudioVersion = 14.0.25123.0
MinimumVisualStudioVersion = 10.0.40219.1
Project("{FAE04EC0-301F-11D3-BF4B-00C04F79EFBC}") = "Poker", "Poker\Poker.csproj", "{40876203-F4CC-4AA9-8E1A-F8EEFFD1DE2D}"
EndProject
Project("{FAE04EC0-301F-11D3-BF4B-00C04F79EFBC}") = "Poker.Tests", "Poker.Tests\Poker.Tests.csproj", "{7D9978CD-A1A7-4745-BFAE-DB756FCEDC58}"
EndProject
Global
	GlobalSection(SolutionConfigurationPlatforms) = preSolution
		Debug|Any CPU = Debug|Any CPU
		Release|Any CPU = Release|Any CPU
	EndGlobalSection
	GlobalSection(ProjectConfigurationPlatforms) = postSolution
		{40876203-F4CC-4AA9-8E1A-F8EEFFD1DE2D}.Debug|Any CPU.ActiveCfg = Debug|Any CPU
		{40876203-F4CC-4AA9-8E1A-F8EEFFD1DE2D}.Debug|Any CPU.Build.0 = Debug|Any CPU
		{40876203-F4CC-4AA9-8E1A-F8EEFFD1DE2D}.Release|Any CPU.ActiveCfg = Release|Any CPU
		{40876203-F4CC-4AA9-8E1A-F8EEFFD1DE2D}.Release|Any CPU.Build.0 = Release|Any CPU
		{7D9978CD-A1A7-4745-BFAE-DB756FCEDC58}.Debug|Any CPU.ActiveCfg = Debug|Any CPU
		{7D9978CD-A1A7-4745-BFAE-DB756FCEDC58}.Debug|Any CPU.Build.0 = Debug|Any CPU
		{7D9978CD-A1A7-4745-BFAE-DB756FCEDC58}.Release|Any CPU.ActiveCfg = Release|Any CPU
		{7D9978CD-A1A7-4745-BFAE-DB756FCEDC58}.Release|Any CPU.Build.0 = Release|Any CPU
	EndGlobalSection
	GlobalSection(SolutionProperties) = preSolution
		HideSolutionNode = FALSE
	EndGlobalSection
EndGlobal
