
Microsoft Visual Studio Solution File, Format Version 12.00
# Visual Studio 14
VisualStudioVersion = 14.0.25123.0
MinimumVisualStudioVersion = 10.0.40219.1
Project("{FAE04EC0-301F-11D3-BF4B-00C04F79EFBC}") = "04.HelloWorld", "01.HelloWorld\04.HelloWorld.csproj", "{CDE95DAF-F8E1-43F4-881B-99E4208C46A3}"
EndProject
Project("{FAE04EC0-301F-11D3-BF4B-00C04F79EFBC}") = "05.PrintMyName", "05.PrintName\05.PrintMyName.csproj", "{31EFAD79-6AC9-4964-A745-12FA715086FB}"
EndProject
Project("{FAE04EC0-301F-11D3-BF4B-00C04F79EFBC}") = "06. Print Numbers", "06. Print Numbers\06. Print Numbers.csproj", "{EB24566B-5BEB-4DDE-A323-05EFCF3B7A60}"
EndProject
Project("{FAE04EC0-301F-11D3-BF4B-00C04F79EFBC}") = "07. First and Last Name", "07. First and Last Name\07. First and Last Name.csproj", "{3ED4910E-FD4B-4677-875A-5A898894F8C3}"
EndProject
Project("{FAE04EC0-301F-11D3-BF4B-00C04F79EFBC}") = "08. Square Root", "08. Square Root\08. Square Root.csproj", "{55D82D84-8364-4EB2-BB89-CCDAE5D42DF1}"
EndProject
Project("{FAE04EC0-301F-11D3-BF4B-00C04F79EFBC}") = "09. Print Sequence", "09. Print Sequence\09. Print Sequence.csproj", "{7DF1A9C3-A871-4BEE-A6B8-1ADC4A3FC42D}"
EndProject
Project("{FAE04EC0-301F-11D3-BF4B-00C04F79EFBC}") = "10. Format Code", "10. Format Code\10. Format Code.csproj", "{B5E3705D-7B83-487D-AE75-4B55CE2483BE}"
EndProject
Project("{FAE04EC0-301F-11D3-BF4B-00C04F79EFBC}") = "14. Current Date and Time", "14. Current Date and Time\14. Current Date and Time.csproj", "{172AAA48-4475-48B1-9F6B-8177B793613E}"
EndProject
Project("{FAE04EC0-301F-11D3-BF4B-00C04F79EFBC}") = "15. Age", "15. Age\15. Age.csproj", "{9FF5333F-F738-48EB-B23C-F502F932D69F}"
EndProject
Project("{FAE04EC0-301F-11D3-BF4B-00C04F79EFBC}") = "16. Long Sequence", "16. Long Sequence\16. Long Sequence.csproj", "{BB95EF7F-EC78-4876-A778-DBC30950148C}"
EndProject
Project("{FAE04EC0-301F-11D3-BF4B-00C04F79EFBC}") = "17. Play with VS Debugger", "17. Play with VS Debugger\17. Play with VS Debugger.csproj", "{59FAA703-98B5-4072-BFEF-1FC7852717E5}"
EndProject
Global
	GlobalSection(SolutionConfigurationPlatforms) = preSolution
		Debug|Any CPU = Debug|Any CPU
		Release|Any CPU = Release|Any CPU
	EndGlobalSection
	GlobalSection(ProjectConfigurationPlatforms) = postSolution
		{CDE95DAF-F8E1-43F4-881B-99E4208C46A3}.Debug|Any CPU.ActiveCfg = Debug|Any CPU
		{CDE95DAF-F8E1-43F4-881B-99E4208C46A3}.Debug|Any CPU.Build.0 = Debug|Any CPU
		{CDE95DAF-F8E1-43F4-881B-99E4208C46A3}.Release|Any CPU.ActiveCfg = Release|Any CPU
		{CDE95DAF-F8E1-43F4-881B-99E4208C46A3}.Release|Any CPU.Build.0 = Release|Any CPU
		{31EFAD79-6AC9-4964-A745-12FA715086FB}.Debug|Any CPU.ActiveCfg = Debug|Any CPU
		{31EFAD79-6AC9-4964-A745-12FA715086FB}.Debug|Any CPU.Build.0 = Debug|Any CPU
		{31EFAD79-6AC9-4964-A745-12FA715086FB}.Release|Any CPU.ActiveCfg = Release|Any CPU
		{31EFAD79-6AC9-4964-A745-12FA715086FB}.Release|Any CPU.Build.0 = Release|Any CPU
		{EB24566B-5BEB-4DDE-A323-05EFCF3B7A60}.Debug|Any CPU.ActiveCfg = Debug|Any CPU
		{EB24566B-5BEB-4DDE-A323-05EFCF3B7A60}.Debug|Any CPU.Build.0 = Debug|Any CPU
		{EB24566B-5BEB-4DDE-A323-05EFCF3B7A60}.Release|Any CPU.ActiveCfg = Release|Any CPU
		{EB24566B-5BEB-4DDE-A323-05EFCF3B7A60}.Release|Any CPU.Build.0 = Release|Any CPU
		{3ED4910E-FD4B-4677-875A-5A898894F8C3}.Debug|Any CPU.ActiveCfg = Debug|Any CPU
		{3ED4910E-FD4B-4677-875A-5A898894F8C3}.Debug|Any CPU.Build.0 = Debug|Any CPU
		{3ED4910E-FD4B-4677-875A-5A898894F8C3}.Release|Any CPU.ActiveCfg = Release|Any CPU
		{3ED4910E-FD4B-4677-875A-5A898894F8C3}.Release|Any CPU.Build.0 = Release|Any CPU
		{55D82D84-8364-4EB2-BB89-CCDAE5D42DF1}.Debug|Any CPU.ActiveCfg = Debug|Any CPU
		{55D82D84-8364-4EB2-BB89-CCDAE5D42DF1}.Debug|Any CPU.Build.0 = Debug|Any CPU
		{55D82D84-8364-4EB2-BB89-CCDAE5D42DF1}.Release|Any CPU.ActiveCfg = Release|Any CPU
		{55D82D84-8364-4EB2-BB89-CCDAE5D42DF1}.Release|Any CPU.Build.0 = Release|Any CPU
		{7DF1A9C3-A871-4BEE-A6B8-1ADC4A3FC42D}.Debug|Any CPU.ActiveCfg = Debug|Any CPU
		{7DF1A9C3-A871-4BEE-A6B8-1ADC4A3FC42D}.Debug|Any CPU.Build.0 = Debug|Any CPU
		{7DF1A9C3-A871-4BEE-A6B8-1ADC4A3FC42D}.Release|Any CPU.ActiveCfg = Release|Any CPU
		{7DF1A9C3-A871-4BEE-A6B8-1ADC4A3FC42D}.Release|Any CPU.Build.0 = Release|Any CPU
		{B5E3705D-7B83-487D-AE75-4B55CE2483BE}.Debug|Any CPU.ActiveCfg = Debug|Any CPU
		{B5E3705D-7B83-487D-AE75-4B55CE2483BE}.Debug|Any CPU.Build.0 = Debug|Any CPU
		{B5E3705D-7B83-487D-AE75-4B55CE2483BE}.Release|Any CPU.ActiveCfg = Release|Any CPU
		{B5E3705D-7B83-487D-AE75-4B55CE2483BE}.Release|Any CPU.Build.0 = Release|Any CPU
		{172AAA48-4475-48B1-9F6B-8177B793613E}.Debug|Any CPU.ActiveCfg = Debug|Any CPU
		{172AAA48-4475-48B1-9F6B-8177B793613E}.Debug|Any CPU.Build.0 = Debug|Any CPU
		{172AAA48-4475-48B1-9F6B-8177B793613E}.Release|Any CPU.ActiveCfg = Release|Any CPU
		{172AAA48-4475-48B1-9F6B-8177B793613E}.Release|Any CPU.Build.0 = Release|Any CPU
		{9FF5333F-F738-48EB-B23C-F502F932D69F}.Debug|Any CPU.ActiveCfg = Debug|Any CPU
		{9FF5333F-F738-48EB-B23C-F502F932D69F}.Debug|Any CPU.Build.0 = Debug|Any CPU
		{9FF5333F-F738-48EB-B23C-F502F932D69F}.Release|Any CPU.ActiveCfg = Release|Any CPU
		{9FF5333F-F738-48EB-B23C-F502F932D69F}.Release|Any CPU.Build.0 = Release|Any CPU
		{BB95EF7F-EC78-4876-A778-DBC30950148C}.Debug|Any CPU.ActiveCfg = Debug|Any CPU
		{BB95EF7F-EC78-4876-A778-DBC30950148C}.Debug|Any CPU.Build.0 = Debug|Any CPU
		{BB95EF7F-EC78-4876-A778-DBC30950148C}.Release|Any CPU.ActiveCfg = Release|Any CPU
		{BB95EF7F-EC78-4876-A778-DBC30950148C}.Release|Any CPU.Build.0 = Release|Any CPU
		{59FAA703-98B5-4072-BFEF-1FC7852717E5}.Debug|Any CPU.ActiveCfg = Debug|Any CPU
		{59FAA703-98B5-4072-BFEF-1FC7852717E5}.Debug|Any CPU.Build.0 = Debug|Any CPU
		{59FAA703-98B5-4072-BFEF-1FC7852717E5}.Release|Any CPU.ActiveCfg = Release|Any CPU
		{59FAA703-98B5-4072-BFEF-1FC7852717E5}.Release|Any CPU.Build.0 = Release|Any CPU
	EndGlobalSection
	GlobalSection(SolutionProperties) = preSolution
		HideSolutionNode = FALSE
	EndGlobalSection
EndGlobal
